// !$*UTF8*$!
{
	archiveVersion = 1;
	classes = {
	};
	objectVersion = 46;
	objects = {

/* Begin PBXBuildFile section */
		01E3BA011C5332EA00D03D48 /* AppDelegate.swift in Sources */ = {isa = PBXBuildFile; fileRef = 01E3BA001C5332EA00D03D48 /* AppDelegate.swift */; };
		01E3BA081C5332EA00D03D48 /* Assets.xcassets in Resources */ = {isa = PBXBuildFile; fileRef = 01E3BA071C5332EA00D03D48 /* Assets.xcassets */; };
		01E3BA0B1C5332EA00D03D48 /* LaunchScreen.storyboard in Resources */ = {isa = PBXBuildFile; fileRef = 01E3BA091C5332EA00D03D48 /* LaunchScreen.storyboard */; };
		01E3BA161C5332EA00D03D48 /* ScrollSelectionTests.swift in Sources */ = {isa = PBXBuildFile; fileRef = 01E3BA151C5332EA00D03D48 /* ScrollSelectionTests.swift */; };
		01E3BA211C5332EB00D03D48 /* ScrollSelectionUITests.swift in Sources */ = {isa = PBXBuildFile; fileRef = 01E3BA201C5332EB00D03D48 /* ScrollSelectionUITests.swift */; };
		01E3BA2F1C5332F100D03D48 /* ScrollSelectionView.swift in Sources */ = {isa = PBXBuildFile; fileRef = 01E3BA2E1C5332F100D03D48 /* ScrollSelectionView.swift */; };
		01E3BA311C53331C00D03D48 /* ViewController.swift in Sources */ = {isa = PBXBuildFile; fileRef = 01E3BA301C53331C00D03D48 /* ViewController.swift */; };
		01E3BA361C53339300D03D48 /* Main.storyboard in Resources */ = {isa = PBXBuildFile; fileRef = 01E3BA341C53339300D03D48 /* Main.storyboard */; };
/* End PBXBuildFile section */

/* Begin PBXContainerItemProxy section */
		01E3BA121C5332EA00D03D48 /* PBXContainerItemProxy */ = {
			isa = PBXContainerItemProxy;
			containerPortal = 01E3B9F51C5332EA00D03D48 /* Project object */;
			proxyType = 1;
			remoteGlobalIDString = 01E3B9FC1C5332EA00D03D48;
			remoteInfo = ScrollSelection;
		};
		01E3BA1D1C5332EB00D03D48 /* PBXContainerItemProxy */ = {
			isa = PBXContainerItemProxy;
			containerPortal = 01E3B9F51C5332EA00D03D48 /* Project object */;
			proxyType = 1;
			remoteGlobalIDString = 01E3B9FC1C5332EA00D03D48;
			remoteInfo = ScrollSelection;
		};
/* End PBXContainerItemProxy section */

/* Begin PBXFileReference section */
		01E3B9FD1C5332EA00D03D48 /* ScrollSelection.app */ = {isa = PBXFileReference; explicitFileType = wrapper.application; includeInIndex = 0; path = ScrollSelection.app; sourceTree = BUILT_PRODUCTS_DIR; };
		01E3BA001C5332EA00D03D48 /* AppDelegate.swift */ = {isa = PBXFileReference; lastKnownFileType = sourcecode.swift; path = AppDelegate.swift; sourceTree = "<group>"; };
		01E3BA071C5332EA00D03D48 /* Assets.xcassets */ = {isa = PBXFileReference; lastKnownFileType = folder.assetcatalog; path = Assets.xcassets; sourceTree = "<group>"; };
		01E3BA0A1C5332EA00D03D48 /* Base */ = {isa = PBXFileReference; lastKnownFileType = file.storyboard; name = Base; path = Base.lproj/LaunchScreen.storyboard; sourceTree = "<group>"; };
		01E3BA0C1C5332EA00D03D48 /* Info.plist */ = {isa = PBXFileReference; lastKnownFileType = text.plist.xml; path = Info.plist; sourceTree = "<group>"; };
		01E3BA111C5332EA00D03D48 /* ScrollSelectionTests.xctest */ = {isa = PBXFileReference; explicitFileType = wrapper.cfbundle; includeInIndex = 0; path = ScrollSelectionTests.xctest; sourceTree = BUILT_PRODUCTS_DIR; };
		01E3BA151C5332EA00D03D48 /* ScrollSelectionTests.swift */ = {isa = PBXFileReference; lastKnownFileType = sourcecode.swift; path = ScrollSelectionTests.swift; sourceTree = "<group>"; };
		01E3BA171C5332EA00D03D48 /* Info.plist */ = {isa = PBXFileReference; lastKnownFileType = text.plist.xml; path = Info.plist; sourceTree = "<group>"; };
		01E3BA1C1C5332EB00D03D48 /* ScrollSelectionUITests.xctest */ = {isa = PBXFileReference; explicitFileType = wrapper.cfbundle; includeInIndex = 0; path = ScrollSelectionUITests.xctest; sourceTree = BUILT_PRODUCTS_DIR; };
		01E3BA201C5332EB00D03D48 /* ScrollSelectionUITests.swift */ = {isa = PBXFileReference; lastKnownFileType = sourcecode.swift; path = ScrollSelectionUITests.swift; sourceTree = "<group>"; };
		01E3BA221C5332EB00D03D48 /* Info.plist */ = {isa = PBXFileReference; lastKnownFileType = text.plist.xml; path = Info.plist; sourceTree = "<group>"; };
		01E3BA2E1C5332F100D03D48 /* ScrollSelectionView.swift */ = {isa = PBXFileReference; fileEncoding = 4; lastKnownFileType = sourcecode.swift; path = ScrollSelectionView.swift; sourceTree = "<group>"; };
		01E3BA301C53331C00D03D48 /* ViewController.swift */ = {isa = PBXFileReference; fileEncoding = 4; lastKnownFileType = sourcecode.swift; path = ViewController.swift; sourceTree = "<group>"; };
		01E3BA351C53339300D03D48 /* Base */ = {isa = PBXFileReference; lastKnownFileType = file.storyboard; name = Base; path = Base.lproj/Main.storyboard; sourceTree = "<group>"; };
/* End PBXFileReference section */

/* Begin PBXFrameworksBuildPhase section */
		01E3B9FA1C5332EA00D03D48 /* Frameworks */ = {
			isa = PBXFrameworksBuildPhase;
			buildActionMask = 2147483647;
			files = (
			);
			runOnlyForDeploymentPostprocessing = 0;
		};
		01E3BA0E1C5332EA00D03D48 /* Frameworks */ = {
			isa = PBXFrameworksBuildPhase;
			buildActionMask = 2147483647;
			files = (
			);
			runOnlyForDeploymentPostprocessing = 0;
		};
		01E3BA191C5332EB00D03D48 /* Frameworks */ = {
			isa = PBXFrameworksBuildPhase;
			buildActionMask = 2147483647;
			files = (
			);
			runOnlyForDeploymentPostprocessing = 0;
		};
/* End PBXFrameworksBuildPhase section */

/* Begin PBXGroup section */
		01E3B9F41C5332EA00D03D48 = {
			isa = PBXGroup;
			children = (
				01E3B9FF1C5332EA00D03D48 /* ScrollSelection */,
				01E3BA141C5332EA00D03D48 /* ScrollSelectionTests */,
				01E3BA1F1C5332EB00D03D48 /* ScrollSelectionUITests */,
				01E3B9FE1C5332EA00D03D48 /* Products */,
			);
			sourceTree = "<group>";
		};
		01E3B9FE1C5332EA00D03D48 /* Products */ = {
			isa = PBXGroup;
			children = (
				01E3B9FD1C5332EA00D03D48 /* ScrollSelection.app */,
				01E3BA111C5332EA00D03D48 /* ScrollSelectionTests.xctest */,
				01E3BA1C1C5332EB00D03D48 /* ScrollSelectionUITests.xctest */,
			);
			name = Products;
			sourceTree = "<group>";
		};
		01E3B9FF1C5332EA00D03D48 /* ScrollSelection */ = {
			isa = PBXGroup;
			children = (
				01E3BA001C5332EA00D03D48 /* AppDelegate.swift */,
				01E3BA301C53331C00D03D48 /* ViewController.swift */,
				01E3BA2E1C5332F100D03D48 /* ScrollSelectionView.swift */,
				01E3BA071C5332EA00D03D48 /* Assets.xcassets */,
				01E3BA341C53339300D03D48 /* Main.storyboard */,
				01E3BA091C5332EA00D03D48 /* LaunchScreen.storyboard */,
				01E3BA0C1C5332EA00D03D48 /* Info.plist */,
			);
			path = ScrollSelection;
			sourceTree = "<group>";
		};
		01E3BA141C5332EA00D03D48 /* ScrollSelectionTests */ = {
			isa = PBXGroup;
			children = (
				01E3BA151C5332EA00D03D48 /* ScrollSelectionTests.swift */,
				01E3BA171C5332EA00D03D48 /* Info.plist */,
			);
			path = ScrollSelectionTests;
			sourceTree = "<group>";
		};
		01E3BA1F1C5332EB00D03D48 /* ScrollSelectionUITests */ = {
			isa = PBXGroup;
			children = (
				01E3BA201C5332EB00D03D48 /* ScrollSelectionUITests.swift */,
				01E3BA221C5332EB00D03D48 /* Info.plist */,
			);
			path = ScrollSelectionUITests;
			sourceTree = "<group>";
		};
/* End PBXGroup section */

/* Begin PBXNativeTarget section */
		01E3B9FC1C5332EA00D03D48 /* ScrollSelection */ = {
			isa = PBXNativeTarget;
			buildConfigurationList = 01E3BA251C5332EB00D03D48 /* Build configuration list for PBXNativeTarget "ScrollSelection" */;
			buildPhases = (
				01E3B9F91C5332EA00D03D48 /* Sources */,
				01E3B9FA1C5332EA00D03D48 /* Frameworks */,
				01E3B9FB1C5332EA00D03D48 /* Resources */,
			);
			buildRules = (
			);
			dependencies = (
			);
			name = ScrollSelection;
			productName = ScrollSelection;
			productReference = 01E3B9FD1C5332EA00D03D48 /* ScrollSelection.app */;
			productType = "com.apple.product-type.application";
		};
		01E3BA101C5332EA00D03D48 /* ScrollSelectionTests */ = {
			isa = PBXNativeTarget;
			buildConfigurationList = 01E3BA281C5332EB00D03D48 /* Build configuration list for PBXNativeTarget "ScrollSelectionTests" */;
			buildPhases = (
				01E3BA0D1C5332EA00D03D48 /* Sources */,
				01E3BA0E1C5332EA00D03D48 /* Frameworks */,
				01E3BA0F1C5332EA00D03D48 /* Resources */,
			);
			buildRules = (
			);
			dependencies = (
				01E3BA131C5332EA00D03D48 /* PBXTargetDependency */,
			);
			name = ScrollSelectionTests;
			productName = ScrollSelectionTests;
			productReference = 01E3BA111C5332EA00D03D48 /* ScrollSelectionTests.xctest */;
			productType = "com.apple.product-type.bundle.unit-test";
		};
		01E3BA1B1C5332EB00D03D48 /* ScrollSelectionUITests */ = {
			isa = PBXNativeTarget;
			buildConfigurationList = 01E3BA2B1C5332EB00D03D48 /* Build configuration list for PBXNativeTarget "ScrollSelectionUITests" */;
			buildPhases = (
				01E3BA181C5332EB00D03D48 /* Sources */,
				01E3BA191C5332EB00D03D48 /* Frameworks */,
				01E3BA1A1C5332EB00D03D48 /* Resources */,
			);
			buildRules = (
			);
			dependencies = (
				01E3BA1E1C5332EB00D03D48 /* PBXTargetDependency */,
			);
			name = ScrollSelectionUITests;
			productName = ScrollSelectionUITests;
			productReference = 01E3BA1C1C5332EB00D03D48 /* ScrollSelectionUITests.xctest */;
			productType = "com.apple.product-type.bundle.ui-testing";
		};
/* End PBXNativeTarget section */

/* Begin PBXProject section */
		01E3B9F51C5332EA00D03D48 /* Project object */ = {
			isa = PBXProject;
			attributes = {
				LastSwiftUpdateCheck = 0720;
				LastUpgradeCheck = 0720;
				ORGANIZATIONNAME = MottApplications;
				TargetAttributes = {
					01E3B9FC1C5332EA00D03D48 = {
						CreatedOnToolsVersion = 7.2;
					};
					01E3BA101C5332EA00D03D48 = {
						CreatedOnToolsVersion = 7.2;
						TestTargetID = 01E3B9FC1C5332EA00D03D48;
					};
					01E3BA1B1C5332EB00D03D48 = {
						CreatedOnToolsVersion = 7.2;
						TestTargetID = 01E3B9FC1C5332EA00D03D48;
					};
				};
			};
			buildConfigurationList = 01E3B9F81C5332EA00D03D48 /* Build configuration list for PBXProject "ScrollSelection" */;
			compatibilityVersion = "Xcode 3.2";
			developmentRegion = English;
			hasScannedForEncodings = 0;
			knownRegions = (
				en,
				Base,
			);
			mainGroup = 01E3B9F41C5332EA00D03D48;
			productRefGroup = 01E3B9FE1C5332EA00D03D48 /* Products */;
			projectDirPath = "";
			projectRoot = "";
			targets = (
				01E3B9FC1C5332EA00D03D48 /* ScrollSelection */,
				01E3BA101C5332EA00D03D48 /* ScrollSelectionTests */,
				01E3BA1B1C5332EB00D03D48 /* ScrollSelectionUITests */,
			);
		};
/* End PBXProject section */

/* Begin PBXResourcesBuildPhase section */
		01E3B9FB1C5332EA00D03D48 /* Resources */ = {
			isa = PBXResourcesBuildPhase;
			buildActionMask = 2147483647;
			files = (
				01E3BA361C53339300D03D48 /* Main.storyboard in Resources */,
				01E3BA0B1C5332EA00D03D48 /* LaunchScreen.storyboard in Resources */,
				01E3BA081C5332EA00D03D48 /* Assets.xcassets in Resources */,
			);
			runOnlyForDeploymentPostprocessing = 0;
		};
		01E3BA0F1C5332EA00D03D48 /* Resources */ = {
			isa = PBXResourcesBuildPhase;
			buildActionMask = 2147483647;
			files = (
			);
			runOnlyForDeploymentPostprocessing = 0;
		};
		01E3BA1A1C5332EB00D03D48 /* Resources */ = {
			isa = PBXResourcesBuildPhase;
			buildActionMask = 2147483647;
			files = (
			);
			runOnlyForDeploymentPostprocessing = 0;
		};
/* End PBXResourcesBuildPhase section */

/* Begin PBXSourcesBuildPhase section */
		01E3B9F91C5332EA00D03D48 /* Sources */ = {
			isa = PBXSourcesBuildPhase;
			buildActionMask = 2147483647;
			files = (
				01E3BA311C53331C00D03D48 /* ViewController.swift in Sources */,
				01E3BA2F1C5332F100D03D48 /* ScrollSelectionView.swift in Sources */,
				01E3BA011C5332EA00D03D48 /* AppDelegate.swift in Sources */,
			);
			runOnlyForDeploymentPostprocessing = 0;
		};
		01E3BA0D1C5332EA00D03D48 /* Sources */ = {
			isa = PBXSourcesBuildPhase;
			buildActionMask = 2147483647;
			files = (
				01E3BA161C5332EA00D03D48 /* ScrollSelectionTests.swift in Sources */,
			);
			runOnlyForDeploymentPostprocessing = 0;
		};
		01E3BA181C5332EB00D03D48 /* Sources */ = {
			isa = PBXSourcesBuildPhase;
			buildActionMask = 2147483647;
			files = (
				01E3BA211C5332EB00D03D48 /* ScrollSelectionUITests.swift in Sources */,
			);
			runOnlyForDeploymentPostprocessing = 0;
		};
/* End PBXSourcesBuildPhase section */

/* Begin PBXTargetDependency section */
		01E3BA131C5332EA00D03D48 /* PBXTargetDependency */ = {
			isa = PBXTargetDependency;
			target = 01E3B9FC1C5332EA00D03D48 /* ScrollSelection */;
			targetProxy = 01E3BA121C5332EA00D03D48 /* PBXContainerItemProxy */;
		};
		01E3BA1E1C5332EB00D03D48 /* PBXTargetDependency */ = {
			isa = PBXTargetDependency;
			target = 01E3B9FC1C5332EA00D03D48 /* ScrollSelection */;
			targetProxy = 01E3BA1D1C5332EB00D03D48 /* PBXContainerItemProxy */;
		};
/* End PBXTargetDependency section */

/* Begin PBXVariantGroup section */
		01E3BA091C5332EA00D03D48 /* LaunchScreen.storyboard */ = {
			isa = PBXVariantGroup;
			children = (
				01E3BA0A1C5332EA00D03D48 /* Base */,
			);
			name = LaunchScreen.storyboard;
			sourceTree = "<group>";
		};
		01E3BA341C53339300D03D48 /* Main.storyboard */ = {
			isa = PBXVariantGroup;
			children = (
				01E3BA351C53339300D03D48 /* Base */,
			);
			name = Main.storyboard;
			sourceTree = "<group>";
		};
/* End PBXVariantGroup section */

/* Begin XCBuildConfiguration section */
		01E3BA231C5332EB00D03D48 /* Debug */ = {
			isa = XCBuildConfiguration;
			buildSettings = {
				ALWAYS_SEARCH_USER_PATHS = NO;
				CLANG_CXX_LANGUAGE_STANDARD = "gnu++0x";
				CLANG_CXX_LIBRARY = "libc++";
				CLANG_ENABLE_MODULES = YES;
				CLANG_ENABLE_OBJC_ARC = YES;
				CLANG_WARN_BOOL_CONVERSION = YES;
				CLANG_WARN_CONSTANT_CONVERSION = YES;
				CLANG_WARN_DIRECT_OBJC_ISA_USAGE = YES_ERROR;
				CLANG_WARN_EMPTY_BODY = YES;
				CLANG_WARN_ENUM_CONVERSION = YES;
				CLANG_WARN_INT_CONVERSION = YES;
				CLANG_WARN_OBJC_ROOT_CLASS = YES_ERROR;
				CLANG_WARN_UNREACHABLE_CODE = YES;
				CLANG_WARN__DUPLICATE_METHOD_MATCH = YES;
				"CODE_SIGN_IDENTITY[sdk=iphoneos*]" = "iPhone Developer";
				COPY_PHASE_STRIP = NO;
				DEBUG_INFORMATION_FORMAT = dwarf;
				ENABLE_STRICT_OBJC_MSGSEND = YES;
				ENABLE_TESTABILITY = YES;
				GCC_C_LANGUAGE_STANDARD = gnu99;
				GCC_DYNAMIC_NO_PIC = NO;
				GCC_NO_COMMON_BLOCKS = YES;
				GCC_OPTIMIZATION_LEVEL = 0;
				GCC_PREPROCESSOR_DEFINITIONS = (
					"DEBUG=1",
					"$(inherited)",
				);
				GCC_WARN_64_TO_32_BIT_CONVERSION = YES;
				GCC_WARN_ABOUT_RETURN_TYPE = YES_ERROR;
				GCC_WARN_UNDECLARED_SELECTOR = YES;
				GCC_WARN_UNINITIALIZED_AUTOS = YES_AGGRESSIVE;
				GCC_WARN_UNUSED_FUNCTION = YES;
				GCC_WARN_UNUSED_VARIABLE = YES;
				IPHONEOS_DEPLOYMENT_TARGET = 9.2;
				MTL_ENABLE_DEBUG_INFO = YES;
				ONLY_ACTIVE_ARCH = YES;
				SDKROOT = iphoneos;
				SWIFT_OPTIMIZATION_LEVEL = "-Onone";
			};
			name = Debug;
		};
		01E3BA241C5332EB00D03D48 /* Release */ = {
			isa = XCBuildConfiguration;
			buildSettings = {
				ALWAYS_SEARCH_USER_PATHS = NO;
				CLANG_CXX_LANGUAGE_STANDARD = "gnu++0x";
				CLANG_CXX_LIBRARY = "libc++";
				CLANG_ENABLE_MODULES = YES;
				CLANG_ENABLE_OBJC_ARC = YES;
				CLANG_WARN_BOOL_CONVERSION = YES;
				CLANG_WARN_CONSTANT_CONVERSION = YES;
				CLANG_WARN_DIRECT_OBJC_ISA_USAGE = YES_ERROR;
				CLANG_WARN_EMPTY_BODY = YES;
				CLANG_WARN_ENUM_CONVERSION = YES;
				CLANG_WARN_INT_CONVERSION = YES;
				CLANG_WARN_OBJC_ROOT_CLASS = YES_ERROR;
				CLANG_WARN_UNREACHABLE_CODE = YES;
				CLANG_WARN__DUPLICATE_METHOD_MATCH = YES;
				"CODE_SIGN_IDENTITY[sdk=iphoneos*]" = "iPhone Developer";
				COPY_PHASE_STRIP = NO;
				DEBUG_INFORMATION_FORMAT = "dwarf-with-dsym";
				ENABLE_NS_ASSERTIONS = NO;
				ENABLE_STRICT_OBJC_MSGSEND = YES;
				GCC_C_LANGUAGE_STANDARD = gnu99;
				GCC_NO_COMMON_BLOCKS = YES;
				GCC_WARN_64_TO_32_BIT_CONVERSION = YES;
				GCC_WARN_ABOUT_RETURN_TYPE = YES_ERROR;
				GCC_WARN_UNDECLARED_SELECTOR = YES;
				GCC_WARN_UNINITIALIZED_AUTOS = YES_AGGRESSIVE;
				GCC_WARN_UNUSED_FUNCTION = YES;
				GCC_WARN_UNUSED_VARIABLE = YES;
				IPHONEOS_DEPLOYMENT_TARGET = 9.2;
				MTL_ENABLE_DEBUG_INFO = NO;
				SDKROOT = iphoneos;
				VALIDATE_PRODUCT = YES;
			};
			name = Release;
		};
		01E3BA261C5332EB00D03D48 /* Debug */ = {
			isa = XCBuildConfiguration;
			buildSettings = {
				ASSETCATALOG_COMPILER_APPICON_NAME = AppIcon;
				INFOPLIST_FILE = ScrollSelection/Info.plist;
				LD_RUNPATH_SEARCH_PATHS = "$(inherited) @executable_path/Frameworks";
				PRODUCT_BUNDLE_IDENTIFIER = com.mottapplications.ScrollSelection;
				PRODUCT_NAME = "$(TARGET_NAME)";
			};
			name = Debug;
		};
		01E3BA271C5332EB00D03D48 /* Release */ = {
			isa = XCBuildConfiguration;
			buildSettings = {
				ASSETCATALOG_COMPILER_APPICON_NAME = AppIcon;
				INFOPLIST_FILE = ScrollSelection/Info.plist;
				LD_RUNPATH_SEARCH_PATHS = "$(inherited) @executable_path/Frameworks";
				PRODUCT_BUNDLE_IDENTIFIER = com.mottapplications.ScrollSelection;
				PRODUCT_NAME = "$(TARGET_NAME)";
			};
			name = Release;
		};
		01E3BA291C5332EB00D03D48 /* Debug */ = {
			isa = XCBuildConfiguration;
			buildSettings = {
				BUNDLE_LOADER = "$(TEST_HOST)";
				INFOPLIST_FILE = ScrollSelectionTests/Info.plist;
				LD_RUNPATH_SEARCH_PATHS = "$(inherited) @executable_path/Frameworks @loader_path/Frameworks";
				PRODUCT_BUNDLE_IDENTIFIER = com.mottapplications.ScrollSelectionTests;
				PRODUCT_NAME = "$(TARGET_NAME)";
				TEST_HOST = "$(BUILT_PRODUCTS_DIR)/ScrollSelection.app/ScrollSelection";
			};
			name = Debug;
		};
		01E3BA2A1C5332EB00D03D48 /* Release */ = {
			isa = XCBuildConfiguration;
			buildSettings = {
				BUNDLE_LOADER = "$(TEST_HOST)";
				INFOPLIST_FILE = ScrollSelectionTests/Info.plist;
				LD_RUNPATH_SEARCH_PATHS = "$(inherited) @executable_path/Frameworks @loader_path/Frameworks";
				PRODUCT_BUNDLE_IDENTIFIER = com.mottapplications.ScrollSelectionTests;
				PRODUCT_NAME = "$(TARGET_NAME)";
				TEST_HOST = "$(BUILT_PRODUCTS_DIR)/ScrollSelection.app/ScrollSelection";
			};
			name = Release;
		};
		01E3BA2C1C5332EB00D03D48 /* Debug */ = {
			isa = XCBuildConfiguration;
			buildSettings = {
				INFOPLIST_FILE = ScrollSelectionUITests/Info.plist;
				LD_RUNPATH_SEARCH_PATHS = "$(inherited) @executable_path/Frameworks @loader_path/Frameworks";
				PRODUCT_BUNDLE_IDENTIFIER = com.mottapplications.ScrollSelectionUITests;
				PRODUCT_NAME = "$(TARGET_NAME)";
				TEST_TARGET_NAME = ScrollSelection;
				USES_XCTRUNNER = YES;
			};
			name = Debug;
		};
		01E3BA2D1C5332EB00D03D48 /* Release */ = {
			isa = XCBuildConfiguration;
			buildSettings = {
				INFOPLIST_FILE = ScrollSelectionUITests/Info.plist;
				LD_RUNPATH_SEARCH_PATHS = "$(inherited) @executable_path/Frameworks @loader_path/Frameworks";
				PRODUCT_BUNDLE_IDENTIFIER = com.mottapplications.ScrollSelectionUITests;
				PRODUCT_NAME = "$(TARGET_NAME)";
				TEST_TARGET_NAME = ScrollSelection;
				USES_XCTRUNNER = YES;
			};
			name = Release;
		};
/* End XCBuildConfiguration section */

/* Begin XCConfigurationList section */
		01E3B9F81C5332EA00D03D48 /* Build configuration list for PBXProject "ScrollSelection" */ = {
			isa = XCConfigurationList;
			buildConfigurations = (
				01E3BA231C5332EB00D03D48 /* Debug */,
				01E3BA241C5332EB00D03D48 /* Release */,
			);
			defaultConfigurationIsVisible = 0;
			defaultConfigurationName = Release;
		};
		01E3BA251C5332EB00D03D48 /* Build configuration list for PBXNativeTarget "ScrollSelection" */ = {
			isa = XCConfigurationList;
			buildConfigurations = (
				01E3BA261C5332EB00D03D48 /* Debug */,
				01E3BA271C5332EB00D03D48 /* Release */,
			);
			defaultConfigurationIsVisible = 0;
		};
		01E3BA281C5332EB00D03D48 /* Build configuration list for PBXNativeTarget "ScrollSelectionTests" */ = {
			isa = XCConfigurationList;
			buildConfigurations = (
				01E3BA291C5332EB00D03D48 /* Debug */,
				01E3BA2A1C5332EB00D03D48 /* Release */,
			);
			defaultConfigurationIsVisible = 0;
		};
		01E3BA2B1C5332EB00D03D48 /* Build configuration list for PBXNativeTarget "ScrollSelectionUITests" */ = {
			isa = XCConfigurationList;
			buildConfigurations = (
				01E3BA2C1C5332EB00D03D48 /* Debug */,
				01E3BA2D1C5332EB00D03D48 /* Release */,
			);
			defaultConfigurationIsVisible = 0;
		};
/* End XCConfigurationList section */
	};
	rootObject = 01E3B9F51C5332EA00D03D48 /* Project object */;
}
